
Microsoft Visual Studio Solution File, Format Version 12.00
# Visual Studio Version 17
VisualStudioVersion = 17.2.32630.192
MinimumVisualStudioVersion = 10.0.40219.1
Project("{9A19103F-16F7-4668-BE54-9A1E7A4F7556}") = "Application", "Application\Application.csproj", "{73BD874D-B589-4992-9AD9-353ACBEA04BE}"
EndProject
Project("{9A19103F-16F7-4668-BE54-9A1E7A4F7556}") = "Shell", "Shell\Shell.csproj", "{1AAA924B-5E76-4ED5-975D-99B8EFE6BA89}"
EndProject
Project("{FAE04EC0-301F-11D3-BF4B-00C04F79EFBC}") = "Core", "Core\Core.csproj", "{393B27C5-40B9-4992-BECE-3BB743CF1120}"
EndProject
Global
	GlobalSection(SolutionConfigurationPlatforms) = preSolution
		Debug|Any CPU = Debug|Any CPU
		Debug|x64 = Debug|x64
		Release|Any CPU = Release|Any CPU
		Release|x64 = Release|x64
	EndGlobalSection
	GlobalSection(ProjectConfigurationPlatforms) = postSolution
		{73BD874D-B589-4992-9AD9-353ACBEA04BE}.Debug|Any CPU.ActiveCfg = Debug|x64
		{73BD874D-B589-4992-9AD9-353ACBEA04BE}.Debug|Any CPU.Build.0 = Debug|x64
		{73BD874D-B589-4992-9AD9-353ACBEA04BE}.Debug|x64.ActiveCfg = Debug|x64
		{73BD874D-B589-4992-9AD9-353ACBEA04BE}.Debug|x64.Build.0 = Debug|x64
		{73BD874D-B589-4992-9AD9-353ACBEA04BE}.Release|Any CPU.ActiveCfg = Release|x64
		{73BD874D-B589-4992-9AD9-353ACBEA04BE}.Release|Any CPU.Build.0 = Release|x64
		{73BD874D-B589-4992-9AD9-353ACBEA04BE}.Release|x64.ActiveCfg = Release|x64
		{73BD874D-B589-4992-9AD9-353ACBEA04BE}.Release|x64.Build.0 = Release|x64
		{1AAA924B-5E76-4ED5-975D-99B8EFE6BA89}.Debug|Any CPU.ActiveCfg = Debug|Any CPU
		{1AAA924B-5E76-4ED5-975D-99B8EFE6BA89}.Debug|Any CPU.Build.0 = Debug|Any CPU
		{1AAA924B-5E76-4ED5-975D-99B8EFE6BA89}.Debug|x64.ActiveCfg = Debug|Any CPU
		{1AAA924B-5E76-4ED5-975D-99B8EFE6BA89}.Debug|x64.Build.0 = Debug|Any CPU
		{1AAA924B-5E76-4ED5-975D-99B8EFE6BA89}.Release|Any CPU.ActiveCfg = Release|Any CPU
		{1AAA924B-5E76-4ED5-975D-99B8EFE6BA89}.Release|Any CPU.Build.0 = Release|Any CPU
		{1AAA924B-5E76-4ED5-975D-99B8EFE6BA89}.Release|x64.ActiveCfg = Release|Any CPU
		{1AAA924B-5E76-4ED5-975D-99B8EFE6BA89}.Release|x64.Build.0 = Release|Any CPU
		{393B27C5-40B9-4992-BECE-3BB743CF1120}.Debug|Any CPU.ActiveCfg = Debug|Any CPU
		{393B27C5-40B9-4992-BECE-3BB743CF1120}.Debug|Any CPU.Build.0 = Debug|Any CPU
		{393B27C5-40B9-4992-BECE-3BB743CF1120}.Debug|x64.ActiveCfg = Debug|Any CPU
		{393B27C5-40B9-4992-BECE-3BB743CF1120}.Debug|x64.Build.0 = Debug|Any CPU
		{393B27C5-40B9-4992-BECE-3BB743CF1120}.Release|Any CPU.ActiveCfg = Release|Any CPU
		{393B27C5-40B9-4992-BECE-3BB743CF1120}.Release|Any CPU.Build.0 = Release|Any CPU
		{393B27C5-40B9-4992-BECE-3BB743CF1120}.Release|x64.ActiveCfg = Release|Any CPU
		{393B27C5-40B9-4992-BECE-3BB743CF1120}.Release|x64.Build.0 = Release|Any CPU
	EndGlobalSection
	GlobalSection(SolutionProperties) = preSolution
		HideSolutionNode = FALSE
	EndGlobalSection
	GlobalSection(ExtensibilityGlobals) = postSolution
		SolutionGuid = {3625BC54-31A3-4F92-B79F-6EB12E435AEE}
	EndGlobalSection
EndGlobal
